
Microsoft Visual Studio Solution File, Format Version 12.00
# Visual Studio Version 16
VisualStudioVersion = 16.0.28803.202
MinimumVisualStudioVersion = 10.0.40219.1
Project("{9A19103F-16F7-4668-BE54-9A1E7A4F7556}") = "RideGuardian", "RideGuardian\RideGuardian.csproj", "{1078F6C2-2F4F-4800-8872-356B6AF72D33}"
EndProject
Project("{FAE04EC0-301F-11D3-BF4B-00C04F79EFBC}") = "RideGuardian.Domain", "RideGuardian.Domain\RideGuardian.Domain.csproj", "{88ECEA87-CC61-4E3C-9CC3-E390F9B52E76}"
EndProject
Global
	GlobalSection(SolutionConfigurationPlatforms) = preSolution
		Debug|Any CPU = Debug|Any CPU
		Release|Any CPU = Release|Any CPU
	EndGlobalSection
	GlobalSection(ProjectConfigurationPlatforms) = postSolution
		{1078F6C2-2F4F-4800-8872-356B6AF72D33}.Debug|Any CPU.ActiveCfg = Debug|Any CPU
		{1078F6C2-2F4F-4800-8872-356B6AF72D33}.Debug|Any CPU.Build.0 = Debug|Any CPU
		{1078F6C2-2F4F-4800-8872-356B6AF72D33}.Release|Any CPU.ActiveCfg = Release|Any CPU
		{1078F6C2-2F4F-4800-8872-356B6AF72D33}.Release|Any CPU.Build.0 = Release|Any CPU
		{88ECEA87-CC61-4E3C-9CC3-E390F9B52E76}.Debug|Any CPU.ActiveCfg = Debug|Any CPU
		{88ECEA87-CC61-4E3C-9CC3-E390F9B52E76}.Debug|Any CPU.Build.0 = Debug|Any CPU
		{88ECEA87-CC61-4E3C-9CC3-E390F9B52E76}.Release|Any CPU.ActiveCfg = Release|Any CPU
		{88ECEA87-CC61-4E3C-9CC3-E390F9B52E76}.Release|Any CPU.Build.0 = Release|Any CPU
	EndGlobalSection
	GlobalSection(SolutionProperties) = preSolution
		HideSolutionNode = FALSE
	EndGlobalSection
	GlobalSection(ExtensibilityGlobals) = postSolution
		SolutionGuid = {FD50F618-3D76-481B-82EE-AE1780EE5780}
	EndGlobalSection
EndGlobal
